# This file is generated by running "yarn install" inside your project.
# Manual changes might be lost - proceed with caution!

__metadata:
  version: 4
  cacheKey: 7

"@next/env@npm:12.1.6":
  version: 12.1.6
  resolution: "@next/env@npm:12.1.6"
  checksum: 5b5c881f4a473d85865afe1349554c8e2f18bd463a10a4b0ded3835fdc35843c32463cc420ffe7ab1f4b5339da1ab1be73d41ed5254e8dda8683cc61d6732c8e
  languageName: node
  linkType: hard

"@next/swc-android-arm-eabi@npm:12.1.6":
  version: 12.1.6
  resolution: "@next/swc-android-arm-eabi@npm:12.1.6"
  checksum: 0c78ec9f20d324f7ebb2e65ccee2f1958963f895185b0e69b211edd17755e05046675c0acb3fd708286e65486635c467d401d8709c0269a2f4d0a87cfed4b764
  languageName: node
  linkType: hard

"@next/swc-android-arm64@npm:12.1.6":
  version: 12.1.6
  resolution: "@next/swc-android-arm64@npm:12.1.6"
  checksum: a61f108f1ca12c483f26608e840088afd48f0ebaa206b990955820eb12f40ebf2ca51e5c7d008e79d885a28f489b8b7b2f2f9fbaa0a291090b9257bb6e51bd33
  languageName: node
  linkType: hard

"@next/swc-darwin-arm64@npm:12.1.6":
  version: 12.1.6
  resolution: "@next/swc-darwin-arm64@npm:12.1.6"
  checksum: f845b9792ae0050facc45f762914b46d4151e6ac884b02063f33bfd0e40ef035d9d8ee0b80b5b4c97b2da3109460f10dcaae99bd2ec93d5c8d31c507dafd34d0
  languageName: node
  linkType: hard

"@next/swc-darwin-x64@npm:12.1.6":
  version: 12.1.6
  resolution: "@next/swc-darwin-x64@npm:12.1.6"
  checksum: e01c261a8bea32ce6643680a4e15ce241199bff05dc12a3c8d8eeeeb184d88e489335cd6ddc4a3e48889c077078701a1f2dbbc794530f2ec99d400e467fc0825
  languageName: node
  linkType: hard

"@next/swc-linux-arm-gnueabihf@npm:12.1.6":
  version: 12.1.6
  resolution: "@next/swc-linux-arm-gnueabihf@npm:12.1.6"
  checksum: f06ac0b6e8a801ce79babe2984928ef47582b7e54433b57ee5fbeeb3194d21db1ddb87d7f9581de2f22981f753f6478d013242ec2e3daeaade2f83d52eff14c2
  languageName: node
  linkType: hard

"@next/swc-linux-arm64-gnu@npm:12.1.6":
  version: 12.1.6
  resolution: "@next/swc-linux-arm64-gnu@npm:12.1.6"
  checksum: 000fa4b64067c8166beffe0515b88862fe6741a51f554f5202a303c29e3211d61d077ec71f2eb8a78069030efc42f326f500a0bc78cd655b3785a9674a728958
  languageName: node
  linkType: hard

"@next/swc-linux-arm64-musl@npm:12.1.6":
  version: 12.1.6
  resolution: "@next/swc-linux-arm64-musl@npm:12.1.6"
  checksum: 5a2749e67e6ff2bd64bd36cca51d48b3be32eeed366ca0b6a93548df168ce4a4d8757f5907b09b95ff59ddf3b50920766569d29b2cf5e2b8ae1b1f6624f879fb
  languageName: node
  linkType: hard

"@next/swc-linux-x64-gnu@npm:12.1.6":
  version: 12.1.6
  resolution: "@next/swc-linux-x64-gnu@npm:12.1.6"
  checksum: cbffe9efd97aef81674f0b27287f35f1dd70de73d0d87bab042bf20c39e3f197c98d232454ddc6080f9c5b97f5de93476ff310b36c41dc132726722c60eb795b
  languageName: node
  linkType: hard

"@next/swc-linux-x64-musl@npm:12.1.6":
  version: 12.1.6
  resolution: "@next/swc-linux-x64-musl@npm:12.1.6"
  checksum: 0685c6d03689ed01c875af77ff8d356ef7576988cb8cec8ea6eb222c411bbd52e1ba35e0593e4896b3eccf40930b1e2694ac4bf645224e2f61fd6788a06d2909
  languageName: node
  linkType: hard

"@next/swc-win32-arm64-msvc@npm:12.1.6":
  version: 12.1.6
  resolution: "@next/swc-win32-arm64-msvc@npm:12.1.6"
  checksum: 2b550333e0fa02bf2be11de9b0e48753ea6b73ac1b44e3c432d92ec397eca8da8dc55f1869c92ab774f991d9e38f781d8b8c69dbba8cd94462f21f6cf3b93f43
  languageName: node
  linkType: hard

"@next/swc-win32-ia32-msvc@npm:12.1.6":
  version: 12.1.6
  resolution: "@next/swc-win32-ia32-msvc@npm:12.1.6"
  checksum: d8abcc599ef19e4a22786463279fe7d185f65b2f51799582514011015dcd357077ad10ae5504fe22125912a46f6fd6f3b5710852e4ac8b68da59e0634fc9c116
  languageName: node
  linkType: hard

"@next/swc-win32-x64-msvc@npm:12.1.6":
  version: 12.1.6
  resolution: "@next/swc-win32-x64-msvc@npm:12.1.6"
  checksum: 5d5e20d8b6b4964bcdee7e86bacd843c33c3967d60de2282c42c6972c72afcacbbf6886584ff67b1edcfa8aa87c2f25fc633e9b98125e963e731b9633ba32312
  languageName: node
  linkType: hard

"caniuse-lite@npm:^1.0.30001332":
  version: 1.0.30001352
  resolution: "caniuse-lite@npm:1.0.30001352"
  checksum: 4a634aa457c480d806a7fe754674dcfd227af52c0ca05cc6bf102710f701a15f4672e409ec9de01748b0cf81f03578cec111f7eea2cacdd74c1067a300ef1b3d
  languageName: node
  linkType: hard

"js-tokens@npm:^3.0.0 || ^4.0.0":
  version: 4.0.0
  resolution: "js-tokens@npm:4.0.0"
  checksum: 1fc4e4667ac2d972aba65148b9cbf9c17566b2394d3504238d8492bbd3e68f496c657eab06b26b40b17db5cac0a34d153a12130e2d2d2bb6dc2cdc8a4764eb1b
  languageName: node
  linkType: hard

"loose-envify@npm:^1.1.0":
  version: 1.4.0
  resolution: "loose-envify@npm:1.4.0"
  dependencies:
    js-tokens: ^3.0.0 || ^4.0.0
  bin:
    loose-envify: cli.js
  checksum: 5c3b47bbe5f597a3889fb001a3a98aaea2a3fafa48089c19034de1e0121bf57dbee609d184478514d74d5c5a7e9cfa3d846343455e5123b060040d46c39e91dc
  languageName: node
  linkType: hard

"nanoid@npm:^3.1.30":
  version: 3.3.4
  resolution: "nanoid@npm:3.3.4"
  bin:
    nanoid: bin/nanoid.cjs
  checksum: 88147ef3d52ded1487e4d2373697126b7b872bd5ac0d20b52a2ef780b2695d368569a2e3a6f289ef6fdf836aa8018ff2d84f5cdf8b21da8bce8766bad9e35256
  languageName: node
  linkType: hard

"next@npm:12.1.6":
  version: 12.1.6
  resolution: "next@npm:12.1.6"
  dependencies:
    "@next/env": 12.1.6
    "@next/swc-android-arm-eabi": 12.1.6
    "@next/swc-android-arm64": 12.1.6
    "@next/swc-darwin-arm64": 12.1.6
    "@next/swc-darwin-x64": 12.1.6
    "@next/swc-linux-arm-gnueabihf": 12.1.6
    "@next/swc-linux-arm64-gnu": 12.1.6
    "@next/swc-linux-arm64-musl": 12.1.6
    "@next/swc-linux-x64-gnu": 12.1.6
    "@next/swc-linux-x64-musl": 12.1.6
    "@next/swc-win32-arm64-msvc": 12.1.6
    "@next/swc-win32-ia32-msvc": 12.1.6
    "@next/swc-win32-x64-msvc": 12.1.6
    caniuse-lite: ^1.0.30001332
    postcss: 8.4.5
    styled-jsx: 5.0.2
  peerDependencies:
    fibers: ">= 3.1.0"
    node-sass: ^6.0.0 || ^7.0.0
    react: ^17.0.2 || ^18.0.0-0
    react-dom: ^17.0.2 || ^18.0.0-0
    sass: ^1.3.0
  dependenciesMeta:
    "@next/swc-android-arm-eabi":
      optional: true
    "@next/swc-android-arm64":
      optional: true
    "@next/swc-darwin-arm64":
      optional: true
    "@next/swc-darwin-x64":
      optional: true
    "@next/swc-linux-arm-gnueabihf":
      optional: true
    "@next/swc-linux-arm64-gnu":
      optional: true
    "@next/swc-linux-arm64-musl":
      optional: true
    "@next/swc-linux-x64-gnu":
      optional: true
    "@next/swc-linux-x64-musl":
      optional: true
    "@next/swc-win32-arm64-msvc":
      optional: true
    "@next/swc-win32-ia32-msvc":
      optional: true
    "@next/swc-win32-x64-msvc":
      optional: true
  peerDependenciesMeta:
    fibers:
      optional: true
    node-sass:
      optional: true
    sass:
      optional: true
  bin:
    next: dist/bin/next
  checksum: 0f11c8ec39a7f4dc0efbb2c8f5f647c7e3fe607666d7f94bf4bba59e3dcc796596241cc93fecec652488286415742d98eab09ce5b1282688fc781bc47bb64bf6
  languageName: node
  linkType: hard

"picocolors@npm:^1.0.0":
  version: 1.0.0
  resolution: "picocolors@npm:1.0.0"
  checksum: 6616d34dd03bde8881c63402dea34f0b5972845b04b791b234446d4a408bc3d7f932acea3970a6b671d8f5c5aae1b1ce9fc1f89b0ed9a363469cf9da8e916b71
  languageName: node
  linkType: hard

"postcss@npm:8.4.5":
  version: 8.4.5
  resolution: "postcss@npm:8.4.5"
  dependencies:
    nanoid: ^3.1.30
    picocolors: ^1.0.0
    source-map-js: ^1.0.1
  checksum: 9fc52b650c4720e67b27423fdfb2fff5699bb75915f35dbce310111edcf3af58f91a9edf731b447b82bf090a4890e993dec66726728ed0d204873119626aa718
  languageName: node
  linkType: hard

"react-dom@npm:18.1.0":
  version: 18.1.0
  resolution: "react-dom@npm:18.1.0"
  dependencies:
    loose-envify: ^1.1.0
    scheduler: ^0.22.0
  peerDependencies:
    react: ^18.1.0
  checksum: 40ab704328673a84ce71d6f462474ff0b731fb0852bbf264b337586b5147de7b0e7744107608d0d9c5c7259df66b3c8c8f8c7fb50abd08abca369a043dd64aad
  languageName: node
  linkType: hard

"react@npm:18.1.0":
  version: 18.1.0
  resolution: "react@npm:18.1.0"
  dependencies:
    loose-envify: ^1.1.0
  checksum: c581a1b60cff0d1a09a476cd442b4f61fdf68f4c54b4a7b5af9687e5a2a34296d32f53d65c44610cdeab789359165364e275c82dd23cfd6ffe78c0021bbe74d0
  languageName: node
  linkType: hard

"scheduler@npm:^0.22.0":
  version: 0.22.0
  resolution: "scheduler@npm:0.22.0"
  dependencies:
    loose-envify: ^1.1.0
  checksum: 6d17ab2080e290a43eeaa63a9bc8c8af07bbb1daa1c62147858ce7ec6d23960c943f89fff04ae1c137bcb77189375cc09ea32db513cee9ff9d2b329b22bf389e
  languageName: node
  linkType: hard

"source-map-js@npm:^1.0.1":
  version: 1.0.2
  resolution: "source-map-js@npm:1.0.2"
  checksum: 3bb232796ad9b71bad151cb30c7fc1a2afdaf5bcfd4aa7806f56a2d4ff4824e1481e960436c5e9ec26e8c1ae129aee8107df0859c15b1ccada31a9a7ef254abc
  languageName: node
  linkType: hard

"ssg-lab@workspace:.":
  version: 0.0.0-use.local
  resolution: "ssg-lab@workspace:."
  dependencies:
    next: 12.1.6
    react: 18.1.0
    react-dom: 18.1.0
  languageName: unknown
  linkType: soft

"styled-jsx@npm:5.0.2":
  version: 5.0.2
  resolution: "styled-jsx@npm:5.0.2"
  peerDependencies:
    react: ">= 16.8.0 || 17.x.x || ^18.0.0-0"
  peerDependenciesMeta:
    "@babel/core":
      optional: true
    babel-plugin-macros:
      optional: true
  checksum: b090ae0e63c01b9a133d5026c18d30717c749da15fe383def6eb086e467f73258ed3b83970d2c4513bf58733ff47562192c8c13390d6fc9d0c29836331b0f639
  languageName: node
  linkType: hard
